
Microsoft Visual Studio Solution File, Format Version 12.00
# Visual Studio Version 16
VisualStudioVersion = 16.0.29020.237
MinimumVisualStudioVersion = 10.0.40219.1
Project("{9A19103F-16F7-4668-BE54-9A1E7A4F7556}") = "BorwellSoftwareChallenge", "BorwellSoftwareChallenge.csproj", "{AF90AE1B-7C31-4BEA-91C3-905406D8B1A6}"
EndProject
Project("{FAE04EC0-301F-11D3-BF4B-00C04F79EFBC}") = "BorwellSoftwareChallengeTests", "..\BorwellSoftwareChallengeTests\BorwellSoftwareChallengeTests.csproj", "{B1E44094-4949-49C4-A2CE-363BBCA762AA}"
EndProject
Global
	GlobalSection(SolutionConfigurationPlatforms) = preSolution
		Debug|Any CPU = Debug|Any CPU
		Release|Any CPU = Release|Any CPU
	EndGlobalSection
	GlobalSection(ProjectConfigurationPlatforms) = postSolution
		{AF90AE1B-7C31-4BEA-91C3-905406D8B1A6}.Debug|Any CPU.ActiveCfg = Debug|Any CPU
		{AF90AE1B-7C31-4BEA-91C3-905406D8B1A6}.Debug|Any CPU.Build.0 = Debug|Any CPU
		{AF90AE1B-7C31-4BEA-91C3-905406D8B1A6}.Release|Any CPU.ActiveCfg = Release|Any CPU
		{AF90AE1B-7C31-4BEA-91C3-905406D8B1A6}.Release|Any CPU.Build.0 = Release|Any CPU
		{B1E44094-4949-49C4-A2CE-363BBCA762AA}.Debug|Any CPU.ActiveCfg = Debug|Any CPU
		{B1E44094-4949-49C4-A2CE-363BBCA762AA}.Debug|Any CPU.Build.0 = Debug|Any CPU
		{B1E44094-4949-49C4-A2CE-363BBCA762AA}.Release|Any CPU.ActiveCfg = Release|Any CPU
		{B1E44094-4949-49C4-A2CE-363BBCA762AA}.Release|Any CPU.Build.0 = Release|Any CPU
	EndGlobalSection
	GlobalSection(SolutionProperties) = preSolution
		HideSolutionNode = FALSE
	EndGlobalSection
	GlobalSection(ExtensibilityGlobals) = postSolution
		SolutionGuid = {88B6C8C5-ED8D-42CF-B204-F0B4854B979B}
	EndGlobalSection
EndGlobal
